
Microsoft Visual Studio Solution File, Format Version 12.00
# Visual Studio 15
VisualStudioVersion = 15.0.26730.16
MinimumVisualStudioVersion = 10.0.40219.1
Project("{FAE04EC0-301F-11D3-BF4B-00C04F79EFBC}") = "lab2", "lab2\lab2.csproj", "{A6AF8427-7563-40A4-BA0C-04DBBCEBF70D}"
EndProject
Global
	GlobalSection(SolutionConfigurationPlatforms) = preSolution
		Debug|Any CPU = Debug|Any CPU
		Release|Any CPU = Release|Any CPU
	EndGlobalSection
	GlobalSection(ProjectConfigurationPlatforms) = postSolution
		{A6AF8427-7563-40A4-BA0C-04DBBCEBF70D}.Debug|Any CPU.ActiveCfg = Debug|Any CPU
		{A6AF8427-7563-40A4-BA0C-04DBBCEBF70D}.Debug|Any CPU.Build.0 = Debug|Any CPU
		{A6AF8427-7563-40A4-BA0C-04DBBCEBF70D}.Release|Any CPU.ActiveCfg = Release|Any CPU
		{A6AF8427-7563-40A4-BA0C-04DBBCEBF70D}.Release|Any CPU.Build.0 = Release|Any CPU
	EndGlobalSection
	GlobalSection(SolutionProperties) = preSolution
		HideSolutionNode = FALSE
	EndGlobalSection
	GlobalSection(ExtensibilityGlobals) = postSolution
		SolutionGuid = {6EE40596-9AAD-45EA-BDD1-1216754DAACB}
	EndGlobalSection
EndGlobal
